# This file is generated by running "yarn install" inside your project.
# Manual changes might be lost - proceed with caution!

__metadata:
  version: 6
  cacheKey: 8

"@confio/ics23@npm:^0.6.8":
  version: 0.6.8
  resolution: "@confio/ics23@npm:0.6.8"
  dependencies:
    "@noble/hashes": ^1.0.0
    protobufjs: ^6.8.8
  checksum: 376d72f6440db60611b002b00a13e3a5bfd0d3503e7682358dbcf79641e74d8c26c234c321452fb4a758baf66eecef25d950e08bdea270486d9d03ee489e2960
  languageName: node
  linkType: hard

"@cosmjs/amino@npm:0.27.1":
  version: 0.27.1
  resolution: "@cosmjs/amino@npm:0.27.1"
  dependencies:
    "@cosmjs/crypto": 0.27.1
    "@cosmjs/encoding": 0.27.1
    "@cosmjs/math": 0.27.1
    "@cosmjs/utils": 0.27.1
  checksum: c558332edae18c182224314dd31a47383d5edfd1f7e594202be587349b45cdeed12c8958b8c85f1d38a604fa46fa5589b35fbfd8f20f4541e80f1315537b9346
  languageName: node
  linkType: hard

"@cosmjs/amino@npm:^0.29.0":
  version: 0.29.0
  resolution: "@cosmjs/amino@npm:0.29.0"
  dependencies:
    "@cosmjs/crypto": ^0.29.0
    "@cosmjs/encoding": ^0.29.0
    "@cosmjs/math": ^0.29.0
    "@cosmjs/utils": ^0.29.0
  checksum: 372e3ef9a5a338d609410ffe31e65a06f92b9f67e1ecdf8a2be3cfa0ac3f5d7c92efacfed35694a650bdacebb4f13aa97a8be207277579a1af6536f4d6394e5a
  languageName: node
  linkType: hard

"@cosmjs/cosmwasm-stargate@npm:^0.29.0":
  version: 0.29.0
  resolution: "@cosmjs/cosmwasm-stargate@npm:0.29.0"
  dependencies:
    "@cosmjs/amino": ^0.29.0
    "@cosmjs/crypto": ^0.29.0
    "@cosmjs/encoding": ^0.29.0
    "@cosmjs/math": ^0.29.0
    "@cosmjs/proto-signing": ^0.29.0
    "@cosmjs/stargate": ^0.29.0
    "@cosmjs/tendermint-rpc": ^0.29.0
    "@cosmjs/utils": ^0.29.0
    cosmjs-types: ^0.5.0
    long: ^4.0.0
    pako: ^2.0.2
  checksum: 8a2be801a1863483ca12014a421ce4ff55059341541a8fa78ecfa5464af5375ac5896d49112dd33a613bcd1bbbf17242538c2b23f107ec947150f2d40838bc18
  languageName: node
  linkType: hard

"@cosmjs/crypto@npm:0.27.1":
  version: 0.27.1
  resolution: "@cosmjs/crypto@npm:0.27.1"
  dependencies:
    "@cosmjs/encoding": 0.27.1
    "@cosmjs/math": 0.27.1
    "@cosmjs/utils": 0.27.1
    bip39: ^3.0.2
    bn.js: ^5.2.0
    elliptic: ^6.5.3
    js-sha3: ^0.8.0
    libsodium-wrappers: ^0.7.6
    ripemd160: ^2.0.2
    sha.js: ^2.4.11
  checksum: d1773147a4f57da572483d28286983cca4907e18071296c707581461b0fbe8a3bb6d1591a81dc724c19b2ca3c728726a1f7309a74bf9536a261f4cf1098d1508
  languageName: node
  linkType: hard

"@cosmjs/crypto@npm:^0.29.0":
  version: 0.29.0
  resolution: "@cosmjs/crypto@npm:0.29.0"
  dependencies:
    "@cosmjs/encoding": ^0.29.0
    "@cosmjs/math": ^0.29.0
    "@cosmjs/utils": ^0.29.0
    "@noble/hashes": ^1
    bn.js: ^5.2.0
    elliptic: ^6.5.3
    libsodium-wrappers: ^0.7.6
  checksum: d6f32d3e91884a7eddb797f524115bb07d5fbf88ea2c8e4c340fca948be29620fca5a5bd426f61e9c8334b54c77ba2e15434a96ef94761af42e536a1d596588b
  languageName: node
  linkType: hard

"@cosmjs/encoding@npm:0.27.1":
  version: 0.27.1
  resolution: "@cosmjs/encoding@npm:0.27.1"
  dependencies:
    base64-js: ^1.3.0
    bech32: ^1.1.4
    readonly-date: ^1.0.0
  checksum: 34dad88ee64b6d3b920daa5e605dafb2722d2f9cf9c44da8e652ebf24d5f76557cdd422be3ea5252186b8ea19d172819f8053749c3e81232a7c2bbff5f24fa81
  languageName: node
  linkType: hard

"@cosmjs/encoding@npm:^0.29.0":
  version: 0.29.0
  resolution: "@cosmjs/encoding@npm:0.29.0"
  dependencies:
    base64-js: ^1.3.0
    bech32: ^1.1.4
    readonly-date: ^1.0.0
  checksum: 70e9458edaa3da132012a473d60e86de656c84afc8eeedf98cb42a6ff2dcb3fd1c0c19a53c22c646a46b338b27f29ad872ce1a780357df752fc31ce90b6998f2
  languageName: node
  linkType: hard

"@cosmjs/json-rpc@npm:^0.29.0":
  version: 0.29.0
  resolution: "@cosmjs/json-rpc@npm:0.29.0"
  dependencies:
    "@cosmjs/stream": ^0.29.0
    xstream: ^11.14.0
  checksum: 1197a71d63b772f2fa1856f67ffa2081f3cd7ffa201f1cd95d455ec3bc2bdb92d5afc6c271ce0548422e64a8cab781542ff48f0ca0680d689b20ab351c1ba031
  languageName: node
  linkType: hard

"@cosmjs/launchpad@npm:^0.27.1":
  version: 0.27.1
  resolution: "@cosmjs/launchpad@npm:0.27.1"
  dependencies:
    "@cosmjs/amino": 0.27.1
    "@cosmjs/crypto": 0.27.1
    "@cosmjs/encoding": 0.27.1
    "@cosmjs/math": 0.27.1
    "@cosmjs/utils": 0.27.1
    axios: ^0.21.2
    fast-deep-equal: ^3.1.3
  checksum: 7707a7a551eda8cc2cffac3683cd6a4241b5ca796aad60a5d745b233c270444e7f5ee43f00806d84940d628473d7a155cac7863edc860fbe30f9a1a9d43f073e
  languageName: node
  linkType: hard

"@cosmjs/math@npm:0.27.1":
  version: 0.27.1
  resolution: "@cosmjs/math@npm:0.27.1"
  dependencies:
    bn.js: ^5.2.0
  checksum: 0b1d91eb7c3269636bf0f884220ff1c53ba0c7ca4e80826b382d71a51abc853e845e10651b1bcffd377557d4879dddd7835729e30a4fa824b09ad24cd6ce1ca2
  languageName: node
  linkType: hard

"@cosmjs/math@npm:^0.29.0":
  version: 0.29.0
  resolution: "@cosmjs/math@npm:0.29.0"
  dependencies:
    bn.js: ^5.2.0
  checksum: b420a5f4e00fe25ef256ae9fb89d01007e06947f393377a41db4fd689928eb1548d8cd00f01c351ec51683c66a73006fe1c1a8a533b1f22e3308942a11d455fe
  languageName: node
  linkType: hard

"@cosmjs/proto-signing@npm:^0.29.0":
  version: 0.29.0
  resolution: "@cosmjs/proto-signing@npm:0.29.0"
  dependencies:
    "@cosmjs/amino": ^0.29.0
    "@cosmjs/crypto": ^0.29.0
    "@cosmjs/encoding": ^0.29.0
    "@cosmjs/math": ^0.29.0
    "@cosmjs/utils": ^0.29.0
    cosmjs-types: ^0.5.0
    long: ^4.0.0
  checksum: 71c00cb526ec9bde3afe4a6ac4f42d924f92391c02bebc6102dcd831921d56b4dcf72d50fb64b08f74feee7f0979f18d02eb7d7abb506fd8401cdfb9dd62e85d
  languageName: node
  linkType: hard

"@cosmjs/socket@npm:^0.29.0":
  version: 0.29.0
  resolution: "@cosmjs/socket@npm:0.29.0"
  dependencies:
    "@cosmjs/stream": ^0.29.0
    isomorphic-ws: ^4.0.1
    ws: ^7
    xstream: ^11.14.0
  checksum: b4012274573487cf7a59f688cea6b5b5394bebf0e11e36fad06aff56266cb62b2e3b8ed4453fb9873c03dff091c0de91ddea35d8066d2a91fc2db3c080e04fd0
  languageName: node
  linkType: hard

"@cosmjs/stargate@npm:^0.29.0":
  version: 0.29.0
  resolution: "@cosmjs/stargate@npm:0.29.0"
  dependencies:
    "@confio/ics23": ^0.6.8
    "@cosmjs/amino": ^0.29.0
    "@cosmjs/encoding": ^0.29.0
    "@cosmjs/math": ^0.29.0
    "@cosmjs/proto-signing": ^0.29.0
    "@cosmjs/stream": ^0.29.0
    "@cosmjs/tendermint-rpc": ^0.29.0
    "@cosmjs/utils": ^0.29.0
    cosmjs-types: ^0.5.0
    long: ^4.0.0
    protobufjs: ~6.11.3
    xstream: ^11.14.0
  checksum: fe814d740ab58bdfd733b347d12b145754249ba126b6f4afa4853015732c6e259c2a157559435208b8571c25eb0a8c0ae933866e534e67731744eb6d9447bd47
  languageName: node
  linkType: hard

"@cosmjs/stream@npm:^0.29.0":
  version: 0.29.0
  resolution: "@cosmjs/stream@npm:0.29.0"
  dependencies:
    xstream: ^11.14.0
  checksum: b56ac5929dc310e2ef29bc4a3f18c51d75e9c0d41ebf94a1ecf47c774d9f62ad54a6f259e07112a86f58ed0e94ec501680df7a8c8a05d6a284b960444a18bdd8
  languageName: node
  linkType: hard

"@cosmjs/tendermint-rpc@npm:^0.29.0":
  version: 0.29.0
  resolution: "@cosmjs/tendermint-rpc@npm:0.29.0"
  dependencies:
    "@cosmjs/crypto": ^0.29.0
    "@cosmjs/encoding": ^0.29.0
    "@cosmjs/json-rpc": ^0.29.0
    "@cosmjs/math": ^0.29.0
    "@cosmjs/socket": ^0.29.0
    "@cosmjs/stream": ^0.29.0
    "@cosmjs/utils": ^0.29.0
    axios: ^0.21.2
    readonly-date: ^1.0.0
    xstream: ^11.14.0
  checksum: c538ac7e8fb167d190b9616dc19527f20aaa14c88b637506074ef26fd83701b2550ba702da484ee14e7c12bbd6a8f34895452c5d2379ad86f8b165b686c330e5
  languageName: node
  linkType: hard

"@cosmjs/utils@npm:0.27.1":
  version: 0.27.1
  resolution: "@cosmjs/utils@npm:0.27.1"
  checksum: b48466efd7ec714520fe684e028754a6b5ca5b686d117b2078cac7ed824dd953fac09a9efc2bc5805fa270c151f5a53baa181cfb9f498697152d522d27565205
  languageName: node
  linkType: hard

"@cosmjs/utils@npm:^0.29.0":
  version: 0.29.0
  resolution: "@cosmjs/utils@npm:0.29.0"
  checksum: 580cc28c9c2b28e4e5a1da8462e40e504352c54bf9dd28fa0da296941d5ef7d9ad33de8b38179f0cd4ce96fdee004b33bc7e2f1604ec832b84562c112c8693af
  languageName: node
  linkType: hard

"@noble/hashes@npm:^1, @noble/hashes@npm:^1.0.0":
  version: 1.1.2
  resolution: "@noble/hashes@npm:1.1.2"
  checksum: 3c2a8cb7c2e053811032f242155d870c5eb98844d924d69702244d48804cb03b42d4a666c49c2b71164420d8229cb9a6f242b972d50d5bb2f1d673b98b041de2
  languageName: node
  linkType: hard

"@protobufjs/aspromise@npm:^1.1.1, @protobufjs/aspromise@npm:^1.1.2":
  version: 1.1.2
  resolution: "@protobufjs/aspromise@npm:1.1.2"
  checksum: 011fe7ef0826b0fd1a95935a033a3c0fd08483903e1aa8f8b4e0704e3233406abb9ee25350ec0c20bbecb2aad8da0dcea58b392bbd77d6690736f02c143865d2
  languageName: node
  linkType: hard

"@protobufjs/base64@npm:^1.1.2":
  version: 1.1.2
  resolution: "@protobufjs/base64@npm:1.1.2"
  checksum: 67173ac34de1e242c55da52c2f5bdc65505d82453893f9b51dc74af9fe4c065cf4a657a4538e91b0d4a1a1e0a0642215e31894c31650ff6e3831471061e1ee9e
  languageName: node
  linkType: hard

"@protobufjs/codegen@npm:^2.0.4":
  version: 2.0.4
  resolution: "@protobufjs/codegen@npm:2.0.4"
  checksum: 59240c850b1d3d0b56d8f8098dd04787dcaec5c5bd8de186fa548de86b86076e1c50e80144b90335e705a044edf5bc8b0998548474c2a10a98c7e004a1547e4b
  languageName: node
  linkType: hard

"@protobufjs/eventemitter@npm:^1.1.0":
  version: 1.1.0
  resolution: "@protobufjs/eventemitter@npm:1.1.0"
  checksum: 0369163a3d226851682f855f81413cbf166cd98f131edb94a0f67f79e75342d86e89df9d7a1df08ac28be2bc77e0a7f0200526bb6c2a407abbfee1f0262d5fd7
  languageName: node
  linkType: hard

"@protobufjs/fetch@npm:^1.1.0":
  version: 1.1.0
  resolution: "@protobufjs/fetch@npm:1.1.0"
  dependencies:
    "@protobufjs/aspromise": ^1.1.1
    "@protobufjs/inquire": ^1.1.0
  checksum: 3fce7e09eb3f1171dd55a192066450f65324fd5f7cc01a431df01bb00d0a895e6bfb5b0c5561ce157ee1d886349c90703d10a4e11a1a256418ff591b969b3477
  languageName: node
  linkType: hard

"@protobufjs/float@npm:^1.0.2":
  version: 1.0.2
  resolution: "@protobufjs/float@npm:1.0.2"
  checksum: 5781e1241270b8bd1591d324ca9e3a3128d2f768077a446187a049e36505e91bc4156ed5ac3159c3ce3d2ba3743dbc757b051b2d723eea9cd367bfd54ab29b2f
  languageName: node
  linkType: hard

"@protobufjs/inquire@npm:^1.1.0":
  version: 1.1.0
  resolution: "@protobufjs/inquire@npm:1.1.0"
  checksum: ca06f02eaf65ca36fb7498fc3492b7fc087bfcc85c702bac5b86fad34b692bdce4990e0ef444c1e2aea8c034227bd1f0484be02810d5d7e931c55445555646f4
  languageName: node
  linkType: hard

"@protobufjs/path@npm:^1.1.2":
  version: 1.1.2
  resolution: "@protobufjs/path@npm:1.1.2"
  checksum: 856eeb532b16a7aac071cacde5c5620df800db4c80cee6dbc56380524736205aae21e5ae47739114bf669ab5e8ba0e767a282ad894f3b5e124197cb9224445ee
  languageName: node
  linkType: hard

"@protobufjs/pool@npm:^1.1.0":
  version: 1.1.0
  resolution: "@protobufjs/pool@npm:1.1.0"
  checksum: d6a34fbbd24f729e2a10ee915b74e1d77d52214de626b921b2d77288bd8f2386808da2315080f2905761527cceffe7ec34c7647bd21a5ae41a25e8212ff79451
  languageName: node
  linkType: hard

"@protobufjs/utf8@npm:^1.1.0":
  version: 1.1.0
  resolution: "@protobufjs/utf8@npm:1.1.0"
  checksum: f9bf3163d13aaa3b6f5e6fbf37a116e094ea021c0e1f2a7ccd0e12a29e2ce08dafba4e8b36e13f8ed7397e1591610ce880ed1289af4d66cf4ace8a36a9557278
  languageName: node
  linkType: hard

"@types/long@npm:^4.0.1":
  version: 4.0.2
  resolution: "@types/long@npm:4.0.2"
  checksum: d16cde7240d834cf44ba1eaec49e78ae3180e724cd667052b194a372f350d024cba8dd3f37b0864931683dab09ca935d52f0c4c1687178af5ada9fc85b0635f4
  languageName: node
  linkType: hard

"@types/node@npm:11.11.6":
  version: 11.11.6
  resolution: "@types/node@npm:11.11.6"
  checksum: 075f1c011cf568e49701419acbcb55c24906b3bb5a34d9412a3b88f228a7a78401a5ad4d3e1cd6855c99aaea5ef96e37fc86ca097e50f06da92cf822befc1fff
  languageName: node
  linkType: hard

"@types/node@npm:>=13.7.0":
  version: 18.0.0
  resolution: "@types/node@npm:18.0.0"
  checksum: aab2b325727a2599f6d25ebe0dedf58c40fb66a51ce4ca9c0226ceb70fcda2d3afccdca29db5942eb48b158ee8585a274a1e3750c718bbd5399d7f41d62dfdcc
  languageName: node
  linkType: hard

"axios@npm:^0.21.2":
  version: 0.21.4
  resolution: "axios@npm:0.21.4"
  dependencies:
    follow-redirects: ^1.14.0
  checksum: 44245f24ac971e7458f3120c92f9d66d1fc695e8b97019139de5b0cc65d9b8104647db01e5f46917728edfc0cfd88eb30fc4c55e6053eef4ace76768ce95ff3c
  languageName: node
  linkType: hard

"base64-js@npm:^1.3.0":
  version: 1.5.1
  resolution: "base64-js@npm:1.5.1"
  checksum: 669632eb3745404c2f822a18fc3a0122d2f9a7a13f7fb8b5823ee19d1d2ff9ee5b52c53367176ea4ad093c332fd5ab4bd0ebae5a8e27917a4105a4cfc86b1005
  languageName: node
  linkType: hard

"bech32@npm:^1.1.4":
  version: 1.1.4
  resolution: "bech32@npm:1.1.4"
  checksum: 0e98db619191548390d6f09ff68b0253ba7ae6a55db93dfdbb070ba234c1fd3308c0606fbcc95fad50437227b10011e2698b89f0181f6e7f845c499bd14d0f4b
  languageName: node
  linkType: hard

"bip39@npm:^3.0.2":
  version: 3.0.4
  resolution: "bip39@npm:3.0.4"
  dependencies:
    "@types/node": 11.11.6
    create-hash: ^1.1.0
    pbkdf2: ^3.0.9
    randombytes: ^2.0.1
  checksum: 79ce1600a03d1ba5053bdd4e6323f9463ec340764c7e52918b6c6b9dca81221940f2d9a65656447f108f9bc2c8d9ae8df319cca83bbd1dad63f53ef2768d9bae
  languageName: node
  linkType: hard

"bn.js@npm:^4.11.9":
  version: 4.12.0
  resolution: "bn.js@npm:4.12.0"
  checksum: 39afb4f15f4ea537b55eaf1446c896af28ac948fdcf47171961475724d1bb65118cca49fa6e3d67706e4790955ec0e74de584e45c8f1ef89f46c812bee5b5a12
  languageName: node
  linkType: hard

"bn.js@npm:^5.2.0":
  version: 5.2.1
  resolution: "bn.js@npm:5.2.1"
  checksum: 3dd8c8d38055fedfa95c1d5fc3c99f8dd547b36287b37768db0abab3c239711f88ff58d18d155dd8ad902b0b0cee973747b7ae20ea12a09473272b0201c9edd3
  languageName: node
  linkType: hard

"brorand@npm:^1.1.0":
  version: 1.1.0
  resolution: "brorand@npm:1.1.0"
  checksum: 8a05c9f3c4b46572dec6ef71012b1946db6cae8c7bb60ccd4b7dd5a84655db49fe043ecc6272e7ef1f69dc53d6730b9e2a3a03a8310509a3d797a618cbee52be
  languageName: node
  linkType: hard

"cipher-base@npm:^1.0.1, cipher-base@npm:^1.0.3":
  version: 1.0.4
  resolution: "cipher-base@npm:1.0.4"
  dependencies:
    inherits: ^2.0.1
    safe-buffer: ^5.0.1
  checksum: 47d3568dbc17431a339bad1fe7dff83ac0891be8206911ace3d3b818fc695f376df809bea406e759cdea07fff4b454fa25f1013e648851bec790c1d75763032e
  languageName: node
  linkType: hard

"cosmjs-types@npm:0.5.2":
  version: 0.5.2
  resolution: "cosmjs-types@npm:0.5.2"
  dependencies:
    long: ^4.0.0
    protobufjs: ~6.11.2
  checksum: 0362cb2136a17c0f91f0727a55a1f49058bb56665136cf88e4502febf6da59fa2d4ce91ed75bc55907571b9f1cd99546d594002509781b69fe71fe972dbfe4c1
  languageName: node
  linkType: hard

"cosmjs-types@npm:^0.5.0":
  version: 0.5.1
  resolution: "cosmjs-types@npm:0.5.1"
  dependencies:
    long: ^4.0.0
    protobufjs: ~6.11.2
  checksum: 418622ea552ddac1334f99ab2151609c70b54992b380cd4dcbd768c32b3070ea97ae3152b23d4b66993fa41051cfe274817773916a076e0d6a3732830b525372
  languageName: node
  linkType: hard

"create-hash@npm:^1.1.0, create-hash@npm:^1.1.2":
  version: 1.2.0
  resolution: "create-hash@npm:1.2.0"
  dependencies:
    cipher-base: ^1.0.1
    inherits: ^2.0.1
    md5.js: ^1.3.4
    ripemd160: ^2.0.1
    sha.js: ^2.4.0
  checksum: 02a6ae3bb9cd4afee3fabd846c1d8426a0e6b495560a977ba46120c473cb283be6aa1cace76b5f927cf4e499c6146fb798253e48e83d522feba807d6b722eaa9
  languageName: node
  linkType: hard

"create-hmac@npm:^1.1.4":
  version: 1.1.7
  resolution: "create-hmac@npm:1.1.7"
  dependencies:
    cipher-base: ^1.0.3
    create-hash: ^1.1.0
    inherits: ^2.0.1
    ripemd160: ^2.0.0
    safe-buffer: ^5.0.1
    sha.js: ^2.4.8
  checksum: ba12bb2257b585a0396108c72830e85f882ab659c3320c83584b1037f8ab72415095167ced80dc4ce8e446a8ecc4b2acf36d87befe0707d73b26cf9dc77440ed
  languageName: node
  linkType: hard

"define-properties@npm:^1.1.3":
  version: 1.1.4
  resolution: "define-properties@npm:1.1.4"
  dependencies:
    has-property-descriptors: ^1.0.0
    object-keys: ^1.1.1
  checksum: ce0aef3f9eb193562b5cfb79b2d2c86b6a109dfc9fdcb5f45d680631a1a908c06824ddcdb72b7573b54e26ace07f0a23420aaba0d5c627b34d2c1de8ef527e2b
  languageName: node
  linkType: hard

"elliptic@npm:^6.5.3":
  version: 6.5.4
  resolution: "elliptic@npm:6.5.4"
  dependencies:
    bn.js: ^4.11.9
    brorand: ^1.1.0
    hash.js: ^1.0.0
    hmac-drbg: ^1.0.1
    inherits: ^2.0.4
    minimalistic-assert: ^1.0.1
    minimalistic-crypto-utils: ^1.0.1
  checksum: d56d21fd04e97869f7ffcc92e18903b9f67f2d4637a23c860492fbbff5a3155fd9ca0184ce0c865dd6eb2487d234ce9551335c021c376cd2d3b7cb749c7d10f4
  languageName: node
  linkType: hard

"fast-deep-equal@npm:^3.1.3":
  version: 3.1.3
  resolution: "fast-deep-equal@npm:3.1.3"
  checksum: e21a9d8d84f53493b6aa15efc9cfd53dd5b714a1f23f67fb5dc8f574af80df889b3bce25dc081887c6d25457cce704e636395333abad896ccdec03abaf1f3f9d
  languageName: node
  linkType: hard

"follow-redirects@npm:^1.14.0":
  version: 1.15.1
  resolution: "follow-redirects@npm:1.15.1"
  peerDependenciesMeta:
    debug:
      optional: true
  checksum: 6aa4e3e3cdfa3b9314801a1cd192ba756a53479d9d8cca65bf4db3a3e8834e62139245cd2f9566147c8dfe2efff1700d3e6aefd103de4004a7b99985e71dd533
  languageName: node
  linkType: hard

"function-bind@npm:^1.1.1":
  version: 1.1.1
  resolution: "function-bind@npm:1.1.1"
  checksum: b32fbaebb3f8ec4969f033073b43f5c8befbb58f1a79e12f1d7490358150359ebd92f49e72ff0144f65f2c48ea2a605bff2d07965f548f6474fd8efd95bf361a
  languageName: node
  linkType: hard

"get-intrinsic@npm:^1.1.1":
  version: 1.1.2
  resolution: "get-intrinsic@npm:1.1.2"
  dependencies:
    function-bind: ^1.1.1
    has: ^1.0.3
    has-symbols: ^1.0.3
  checksum: 252f45491f2ba88ebf5b38018020c7cc3279de54b1d67ffb70c0cdf1dfa8ab31cd56467b5d117a8b4275b7a4dde91f86766b163a17a850f036528a7b2faafb2b
  languageName: node
  linkType: hard

"globalthis@npm:^1.0.1":
  version: 1.0.3
  resolution: "globalthis@npm:1.0.3"
  dependencies:
    define-properties: ^1.1.3
  checksum: fbd7d760dc464c886d0196166d92e5ffb4c84d0730846d6621a39fbbc068aeeb9c8d1421ad330e94b7bca4bb4ea092f5f21f3d36077812af5d098b4dc006c998
  languageName: node
  linkType: hard

"has-property-descriptors@npm:^1.0.0":
  version: 1.0.0
  resolution: "has-property-descriptors@npm:1.0.0"
  dependencies:
    get-intrinsic: ^1.1.1
  checksum: a6d3f0a266d0294d972e354782e872e2fe1b6495b321e6ef678c9b7a06a40408a6891817350c62e752adced73a94ac903c54734fee05bf65b1905ee1368194bb
  languageName: node
  linkType: hard

"has-symbols@npm:^1.0.3":
  version: 1.0.3
  resolution: "has-symbols@npm:1.0.3"
  checksum: a054c40c631c0d5741a8285010a0777ea0c068f99ed43e5d6eb12972da223f8af553a455132fdb0801bdcfa0e0f443c0c03a68d8555aa529b3144b446c3f2410
  languageName: node
  linkType: hard

"has@npm:^1.0.3":
  version: 1.0.3
  resolution: "has@npm:1.0.3"
  dependencies:
    function-bind: ^1.1.1
  checksum: b9ad53d53be4af90ce5d1c38331e712522417d017d5ef1ebd0507e07c2fbad8686fffb8e12ddecd4c39ca9b9b47431afbb975b8abf7f3c3b82c98e9aad052792
  languageName: node
  linkType: hard

"hash-base@npm:^3.0.0":
  version: 3.1.0
  resolution: "hash-base@npm:3.1.0"
  dependencies:
    inherits: ^2.0.4
    readable-stream: ^3.6.0
    safe-buffer: ^5.2.0
  checksum: 26b7e97ac3de13cb23fc3145e7e3450b0530274a9562144fc2bf5c1e2983afd0e09ed7cc3b20974ba66039fad316db463da80eb452e7373e780cbee9a0d2f2dc
  languageName: node
  linkType: hard

"hash.js@npm:^1.0.0, hash.js@npm:^1.0.3":
  version: 1.1.7
  resolution: "hash.js@npm:1.1.7"
  dependencies:
    inherits: ^2.0.3
    minimalistic-assert: ^1.0.1
  checksum: e350096e659c62422b85fa508e4b3669017311aa4c49b74f19f8e1bc7f3a54a584fdfd45326d4964d6011f2b2d882e38bea775a96046f2a61b7779a979629d8f
  languageName: node
  linkType: hard

"hmac-drbg@npm:^1.0.1":
  version: 1.0.1
  resolution: "hmac-drbg@npm:1.0.1"
  dependencies:
    hash.js: ^1.0.3
    minimalistic-assert: ^1.0.0
    minimalistic-crypto-utils: ^1.0.1
  checksum: bd30b6a68d7f22d63f10e1888aee497d7c2c5c0bb469e66bbdac99f143904d1dfe95f8131f95b3e86c86dd239963c9d972fcbe147e7cffa00e55d18585c43fe0
  languageName: node
  linkType: hard

"inherits@npm:^2.0.1, inherits@npm:^2.0.3, inherits@npm:^2.0.4":
  version: 2.0.4
  resolution: "inherits@npm:2.0.4"
  checksum: 4a48a733847879d6cf6691860a6b1e3f0f4754176e4d71494c41f3475553768b10f84b5ce1d40fbd0e34e6bfbb864ee35858ad4dd2cf31e02fc4a154b724d7f1
  languageName: node
  linkType: hard

"isomorphic-ws@npm:^4.0.1":
  version: 4.0.1
  resolution: "isomorphic-ws@npm:4.0.1"
  peerDependencies:
    ws: "*"
  checksum: d7190eadefdc28bdb93d67b5f0c603385aaf87724fa2974abb382ac1ec9756ed2cfb27065cbe76122879c2d452e2982bc4314317f3d6c737ddda6c047328771a
  languageName: node
  linkType: hard

"js-sha3@npm:^0.8.0":
  version: 0.8.0
  resolution: "js-sha3@npm:0.8.0"
  checksum: 75df77c1fc266973f06cce8309ce010e9e9f07ec35ab12022ed29b7f0d9c8757f5a73e1b35aa24840dced0dea7059085aa143d817aea9e188e2a80d569d9adce
  languageName: node
  linkType: hard

"kujira.js@workspace:.":
  version: 0.0.0-use.local
  resolution: "kujira.js@workspace:."
  dependencies:
    "@cosmjs/cosmwasm-stargate": ^0.29.0
    "@cosmjs/launchpad": ^0.27.1
    "@cosmjs/stargate": ^0.29.0
    cosmjs-types: 0.5.2
    long: ^4.0.0
    typescript: ^4.7.4
  languageName: unknown
  linkType: soft

"libsodium-wrappers@npm:^0.7.6":
  version: 0.7.10
  resolution: "libsodium-wrappers@npm:0.7.10"
  dependencies:
    libsodium: ^0.7.0
  checksum: 294ac098895a15f99e65431c62478f149e9e5cbbcd1fa1b41e832b65e0ead63856cc964b3b7c14447a48701e3334661dea9223442834ae7dd0d34285991616cd
  languageName: node
  linkType: hard

"libsodium@npm:^0.7.0":
  version: 0.7.10
  resolution: "libsodium@npm:0.7.10"
  checksum: 243794a0b3b753fafb304a82e9ff777eaccf11785bde6965e7f25171fd2fb35da302a89f009a91c1e922817d37724f7afc86592b128b2b58ed657d7fbe5259e6
  languageName: node
  linkType: hard

"long@npm:^4.0.0":
  version: 4.0.0
  resolution: "long@npm:4.0.0"
  checksum: 16afbe8f749c7c849db1f4de4e2e6a31ac6e617cead3bdc4f9605cb703cd20e1e9fc1a7baba674ffcca57d660a6e5b53a9e236d7b25a295d3855cca79cc06744
  languageName: node
  linkType: hard

"md5.js@npm:^1.3.4":
  version: 1.3.5
  resolution: "md5.js@npm:1.3.5"
  dependencies:
    hash-base: ^3.0.0
    inherits: ^2.0.1
    safe-buffer: ^5.1.2
  checksum: 098494d885684bcc4f92294b18ba61b7bd353c23147fbc4688c75b45cb8590f5a95fd4584d742415dcc52487f7a1ef6ea611cfa1543b0dc4492fe026357f3f0c
  languageName: node
  linkType: hard

"minimalistic-assert@npm:^1.0.0, minimalistic-assert@npm:^1.0.1":
  version: 1.0.1
  resolution: "minimalistic-assert@npm:1.0.1"
  checksum: cc7974a9268fbf130fb055aff76700d7e2d8be5f761fb5c60318d0ed010d839ab3661a533ad29a5d37653133385204c503bfac995aaa4236f4e847461ea32ba7
  languageName: node
  linkType: hard

"minimalistic-crypto-utils@npm:^1.0.1":
  version: 1.0.1
  resolution: "minimalistic-crypto-utils@npm:1.0.1"
  checksum: 6e8a0422b30039406efd4c440829ea8f988845db02a3299f372fceba56ffa94994a9c0f2fd70c17f9969eedfbd72f34b5070ead9656a34d3f71c0bd72583a0ed
  languageName: node
  linkType: hard

"object-keys@npm:^1.1.1":
  version: 1.1.1
  resolution: "object-keys@npm:1.1.1"
  checksum: b363c5e7644b1e1b04aa507e88dcb8e3a2f52b6ffd0ea801e4c7a62d5aa559affe21c55a07fd4b1fd55fc03a33c610d73426664b20032405d7b92a1414c34d6a
  languageName: node
  linkType: hard

"pako@npm:^2.0.2":
  version: 2.0.4
  resolution: "pako@npm:2.0.4"
  checksum: 82b9b0b99dd830c9103856a6dbd10f0cb2c8c32b9768184727ea381a99666de9a47a069d2e6efe6acf09336f363956b50835c196ef9311b34b7274d420eb0d88
  languageName: node
  linkType: hard

"pbkdf2@npm:^3.0.9":
  version: 3.1.2
  resolution: "pbkdf2@npm:3.1.2"
  dependencies:
    create-hash: ^1.1.2
    create-hmac: ^1.1.4
    ripemd160: ^2.0.1
    safe-buffer: ^5.0.1
    sha.js: ^2.4.8
  checksum: 2c950a100b1da72123449208e231afc188d980177d021d7121e96a2de7f2abbc96ead2b87d03d8fe5c318face097f203270d7e27908af9f471c165a4e8e69c92
  languageName: node
  linkType: hard

"protobufjs@npm:^6.8.8, protobufjs@npm:~6.11.2, protobufjs@npm:~6.11.3":
  version: 6.11.3
  resolution: "protobufjs@npm:6.11.3"
  dependencies:
    "@protobufjs/aspromise": ^1.1.2
    "@protobufjs/base64": ^1.1.2
    "@protobufjs/codegen": ^2.0.4
    "@protobufjs/eventemitter": ^1.1.0
    "@protobufjs/fetch": ^1.1.0
    "@protobufjs/float": ^1.0.2
    "@protobufjs/inquire": ^1.1.0
    "@protobufjs/path": ^1.1.2
    "@protobufjs/pool": ^1.1.0
    "@protobufjs/utf8": ^1.1.0
    "@types/long": ^4.0.1
    "@types/node": ">=13.7.0"
    long: ^4.0.0
  bin:
    pbjs: bin/pbjs
    pbts: bin/pbts
  checksum: 4a6ce1964167e4c45c53fd8a312d7646415c777dd31b4ba346719947b88e61654912326101f927da387d6b6473ab52a7ea4f54d6f15d63b31130ce28e2e15070
  languageName: node
  linkType: hard

"randombytes@npm:^2.0.1":
  version: 2.1.0
  resolution: "randombytes@npm:2.1.0"
  dependencies:
    safe-buffer: ^5.1.0
  checksum: d779499376bd4cbb435ef3ab9a957006c8682f343f14089ed5f27764e4645114196e75b7f6abf1cbd84fd247c0cb0651698444df8c9bf30e62120fbbc52269d6
  languageName: node
  linkType: hard

"readable-stream@npm:^3.6.0":
  version: 3.6.0
  resolution: "readable-stream@npm:3.6.0"
  dependencies:
    inherits: ^2.0.3
    string_decoder: ^1.1.1
    util-deprecate: ^1.0.1
  checksum: d4ea81502d3799439bb955a3a5d1d808592cf3133350ed352aeaa499647858b27b1c4013984900238b0873ec8d0d8defce72469fb7a83e61d53f5ad61cb80dc8
  languageName: node
  linkType: hard

"readonly-date@npm:^1.0.0":
  version: 1.0.0
  resolution: "readonly-date@npm:1.0.0"
  checksum: 78481e2abf3c2f9bc526029458aee3e2b1c476ca1434c4cc9db5c9aba51bf8f1323c1995d764ff01f2055b01f13e05416b2e14b387f644b0a5a56554c3ee9d0a
  languageName: node
  linkType: hard

"ripemd160@npm:^2.0.0, ripemd160@npm:^2.0.1, ripemd160@npm:^2.0.2":
  version: 2.0.2
  resolution: "ripemd160@npm:2.0.2"
  dependencies:
    hash-base: ^3.0.0
    inherits: ^2.0.1
  checksum: 006accc40578ee2beae382757c4ce2908a826b27e2b079efdcd2959ee544ddf210b7b5d7d5e80467807604244e7388427330f5c6d4cd61e6edaddc5773ccc393
  languageName: node
  linkType: hard

"safe-buffer@npm:^5.0.1, safe-buffer@npm:^5.1.0, safe-buffer@npm:^5.1.2, safe-buffer@npm:^5.2.0, safe-buffer@npm:~5.2.0":
  version: 5.2.1
  resolution: "safe-buffer@npm:5.2.1"
  checksum: b99c4b41fdd67a6aaf280fcd05e9ffb0813654894223afb78a31f14a19ad220bba8aba1cb14eddce1fcfb037155fe6de4e861784eb434f7d11ed58d1e70dd491
  languageName: node
  linkType: hard

"sha.js@npm:^2.4.0, sha.js@npm:^2.4.11, sha.js@npm:^2.4.8":
  version: 2.4.11
  resolution: "sha.js@npm:2.4.11"
  dependencies:
    inherits: ^2.0.1
    safe-buffer: ^5.0.1
  bin:
    sha.js: ./bin.js
  checksum: ebd3f59d4b799000699097dadb831c8e3da3eb579144fd7eb7a19484cbcbb7aca3c68ba2bb362242eb09e33217de3b4ea56e4678184c334323eca24a58e3ad07
  languageName: node
  linkType: hard

"string_decoder@npm:^1.1.1":
  version: 1.3.0
  resolution: "string_decoder@npm:1.3.0"
  dependencies:
    safe-buffer: ~5.2.0
  checksum: 8417646695a66e73aefc4420eb3b84cc9ffd89572861fe004e6aeb13c7bc00e2f616247505d2dbbef24247c372f70268f594af7126f43548565c68c117bdeb56
  languageName: node
  linkType: hard

"symbol-observable@npm:^2.0.3":
  version: 2.0.3
  resolution: "symbol-observable@npm:2.0.3"
  checksum: 533dcf7a7925bada60dbaa06d678e7c4966dbf0959ccba7f60c22b0494ba5d9160d6a66f2951d45a80bf20e655a89f8b91c5f0458dd12faef28716b54f91f49c
  languageName: node
  linkType: hard

"typescript@npm:^4.7.4":
  version: 4.7.4
  resolution: "typescript@npm:4.7.4"
  bin:
    tsc: bin/tsc
    tsserver: bin/tsserver
  checksum: 5750181b1cd7e6482c4195825547e70f944114fb47e58e4aa7553e62f11b3f3173766aef9c281783edfd881f7b8299cf35e3ca8caebe73d8464528c907a164df
  languageName: node
  linkType: hard

"typescript@patch:typescript@^4.7.4#~builtin<compat/typescript>":
  version: 4.7.4
  resolution: "typescript@patch:typescript@npm%3A4.7.4#~builtin<compat/typescript>::version=4.7.4&hash=f456af"
  bin:
    tsc: bin/tsc
    tsserver: bin/tsserver
  checksum: 9096d8f6c16cb80ef3bf96fcbbd055bf1c4a43bd14f3b7be45a9fbe7ada46ec977f604d5feed3263b4f2aa7d4c7477ce5f9cd87de0d6feedec69a983f3a4f93e
  languageName: node
  linkType: hard

"util-deprecate@npm:^1.0.1":
  version: 1.0.2
  resolution: "util-deprecate@npm:1.0.2"
  checksum: 474acf1146cb2701fe3b074892217553dfcf9a031280919ba1b8d651a068c9b15d863b7303cb15bd00a862b498e6cf4ad7b4a08fb134edd5a6f7641681cb54a2
  languageName: node
  linkType: hard

"ws@npm:^7":
  version: 7.5.8
  resolution: "ws@npm:7.5.8"
  peerDependencies:
    bufferutil: ^4.0.1
    utf-8-validate: ^5.0.2
  peerDependenciesMeta:
    bufferutil:
      optional: true
    utf-8-validate:
      optional: true
  checksum: 49479ccf3ddab6500c5906fbcc316e9c8cd44b0ffb3903a6c1caf9b38cb9e06691685722a4c642cfa7d4c6eb390424fc3142cd4f8b940cfc7a9ce9761b1cd65b
  languageName: node
  linkType: hard

"xstream@npm:^11.14.0":
  version: 11.14.0
  resolution: "xstream@npm:11.14.0"
  dependencies:
    globalthis: ^1.0.1
    symbol-observable: ^2.0.3
  checksum: eb96b5f9cd7e6a30d18688f337b8d1c658c85bb08754f2af4247275e25c0605c8435ad8125e04ad7d606c1b760fab4679841906f92718f35f8ce327074e1375a
  languageName: node
  linkType: hard
